
Microsoft Visual Studio Solution File, Format Version 12.00
# Visual Studio 2013
VisualStudioVersion = 12.0.30501.0
MinimumVisualStudioVersion = 10.0.40219.1
Project("{2150E333-8FDC-42A3-9474-1A3956D46DE8}") = "Countdown", "Countdown", "{EF35D202-A80F-4DA0-9301-010B12D827C2}"
EndProject
Project("{D954291E-2A0B-460D-934E-DC6B0785DB48}") = "Countdown.Shared", "Countdown\Countdown.Shared\Countdown.Shared.shproj", "{88AE18E1-2068-4013-8418-B5D3657AD473}"
EndProject
Project("{FAE04EC0-301F-11D3-BF4B-00C04F79EFBC}") = "Countdown.Windows", "Countdown\Countdown.Windows\Countdown.Windows.csproj", "{B8A2AC92-9E05-4E3C-9876-93765525A568}"
EndProject
Project("{FAE04EC0-301F-11D3-BF4B-00C04F79EFBC}") = "Countdown.WindowsPhone", "Countdown\Countdown.WindowsPhone\Countdown.WindowsPhone.csproj", "{8CD4FF28-5BD4-4784-86ED-070BB8AEEF88}"
EndProject
Project("{FAE04EC0-301F-11D3-BF4B-00C04F79EFBC}") = "CountdownCore", "CountdownCore\CountdownCore.csproj", "{F45B77FE-8DA6-421A-97D8-0B0BCBCCEE3F}"
EndProject
Global
	GlobalSection(SharedMSBuildProjectFiles) = preSolution
		Countdown\Countdown.Shared\Countdown.Shared.projitems*{b8a2ac92-9e05-4e3c-9876-93765525a568}*SharedItemsImports = 4
		Countdown\Countdown.Shared\Countdown.Shared.projitems*{8cd4ff28-5bd4-4784-86ed-070bb8aeef88}*SharedItemsImports = 4
		Countdown\Countdown.Shared\Countdown.Shared.projitems*{88ae18e1-2068-4013-8418-b5d3657ad473}*SharedItemsImports = 13
	EndGlobalSection
	GlobalSection(SolutionConfigurationPlatforms) = preSolution
		Debug|Any CPU = Debug|Any CPU
		Debug|ARM = Debug|ARM
		Debug|x64 = Debug|x64
		Debug|x86 = Debug|x86
		Release|Any CPU = Release|Any CPU
		Release|ARM = Release|ARM
		Release|x64 = Release|x64
		Release|x86 = Release|x86
	EndGlobalSection
	GlobalSection(ProjectConfigurationPlatforms) = postSolution
		{B8A2AC92-9E05-4E3C-9876-93765525A568}.Debug|Any CPU.ActiveCfg = Debug|Any CPU
		{B8A2AC92-9E05-4E3C-9876-93765525A568}.Debug|Any CPU.Build.0 = Debug|Any CPU
		{B8A2AC92-9E05-4E3C-9876-93765525A568}.Debug|Any CPU.Deploy.0 = Debug|Any CPU
		{B8A2AC92-9E05-4E3C-9876-93765525A568}.Debug|ARM.ActiveCfg = Debug|ARM
		{B8A2AC92-9E05-4E3C-9876-93765525A568}.Debug|ARM.Build.0 = Debug|ARM
		{B8A2AC92-9E05-4E3C-9876-93765525A568}.Debug|ARM.Deploy.0 = Debug|ARM
		{B8A2AC92-9E05-4E3C-9876-93765525A568}.Debug|x64.ActiveCfg = Debug|x64
		{B8A2AC92-9E05-4E3C-9876-93765525A568}.Debug|x64.Build.0 = Debug|x64
		{B8A2AC92-9E05-4E3C-9876-93765525A568}.Debug|x64.Deploy.0 = Debug|x64
		{B8A2AC92-9E05-4E3C-9876-93765525A568}.Debug|x86.ActiveCfg = Debug|x86
		{B8A2AC92-9E05-4E3C-9876-93765525A568}.Debug|x86.Build.0 = Debug|x86
		{B8A2AC92-9E05-4E3C-9876-93765525A568}.Debug|x86.Deploy.0 = Debug|x86
		{B8A2AC92-9E05-4E3C-9876-93765525A568}.Release|Any CPU.ActiveCfg = Release|Any CPU
		{B8A2AC92-9E05-4E3C-9876-93765525A568}.Release|Any CPU.Build.0 = Release|Any CPU
		{B8A2AC92-9E05-4E3C-9876-93765525A568}.Release|Any CPU.Deploy.0 = Release|Any CPU
		{B8A2AC92-9E05-4E3C-9876-93765525A568}.Release|ARM.ActiveCfg = Release|ARM
		{B8A2AC92-9E05-4E3C-9876-93765525A568}.Release|ARM.Build.0 = Release|ARM
		{B8A2AC92-9E05-4E3C-9876-93765525A568}.Release|ARM.Deploy.0 = Release|ARM
		{B8A2AC92-9E05-4E3C-9876-93765525A568}.Release|x64.ActiveCfg = Release|x64
		{B8A2AC92-9E05-4E3C-9876-93765525A568}.Release|x64.Build.0 = Release|x64
		{B8A2AC92-9E05-4E3C-9876-93765525A568}.Release|x64.Deploy.0 = Release|x64
		{B8A2AC92-9E05-4E3C-9876-93765525A568}.Release|x86.ActiveCfg = Release|x86
		{B8A2AC92-9E05-4E3C-9876-93765525A568}.Release|x86.Build.0 = Release|x86
		{B8A2AC92-9E05-4E3C-9876-93765525A568}.Release|x86.Deploy.0 = Release|x86
		{8CD4FF28-5BD4-4784-86ED-070BB8AEEF88}.Debug|Any CPU.ActiveCfg = Debug|Any CPU
		{8CD4FF28-5BD4-4784-86ED-070BB8AEEF88}.Debug|Any CPU.Build.0 = Debug|Any CPU
		{8CD4FF28-5BD4-4784-86ED-070BB8AEEF88}.Debug|Any CPU.Deploy.0 = Debug|Any CPU
		{8CD4FF28-5BD4-4784-86ED-070BB8AEEF88}.Debug|ARM.ActiveCfg = Debug|ARM
		{8CD4FF28-5BD4-4784-86ED-070BB8AEEF88}.Debug|ARM.Build.0 = Debug|ARM
		{8CD4FF28-5BD4-4784-86ED-070BB8AEEF88}.Debug|ARM.Deploy.0 = Debug|ARM
		{8CD4FF28-5BD4-4784-86ED-070BB8AEEF88}.Debug|x64.ActiveCfg = Debug|Any CPU
		{8CD4FF28-5BD4-4784-86ED-070BB8AEEF88}.Debug|x86.ActiveCfg = Debug|x86
		{8CD4FF28-5BD4-4784-86ED-070BB8AEEF88}.Debug|x86.Build.0 = Debug|x86
		{8CD4FF28-5BD4-4784-86ED-070BB8AEEF88}.Debug|x86.Deploy.0 = Debug|x86
		{8CD4FF28-5BD4-4784-86ED-070BB8AEEF88}.Release|Any CPU.ActiveCfg = Release|Any CPU
		{8CD4FF28-5BD4-4784-86ED-070BB8AEEF88}.Release|Any CPU.Build.0 = Release|Any CPU
		{8CD4FF28-5BD4-4784-86ED-070BB8AEEF88}.Release|Any CPU.Deploy.0 = Release|Any CPU
		{8CD4FF28-5BD4-4784-86ED-070BB8AEEF88}.Release|ARM.ActiveCfg = Release|ARM
		{8CD4FF28-5BD4-4784-86ED-070BB8AEEF88}.Release|ARM.Build.0 = Release|ARM
		{8CD4FF28-5BD4-4784-86ED-070BB8AEEF88}.Release|ARM.Deploy.0 = Release|ARM
		{8CD4FF28-5BD4-4784-86ED-070BB8AEEF88}.Release|x64.ActiveCfg = Release|Any CPU
		{8CD4FF28-5BD4-4784-86ED-070BB8AEEF88}.Release|x86.ActiveCfg = Release|x86
		{8CD4FF28-5BD4-4784-86ED-070BB8AEEF88}.Release|x86.Build.0 = Release|x86
		{8CD4FF28-5BD4-4784-86ED-070BB8AEEF88}.Release|x86.Deploy.0 = Release|x86
		{F45B77FE-8DA6-421A-97D8-0B0BCBCCEE3F}.Debug|Any CPU.ActiveCfg = Debug|Any CPU
		{F45B77FE-8DA6-421A-97D8-0B0BCBCCEE3F}.Debug|Any CPU.Build.0 = Debug|Any CPU
		{F45B77FE-8DA6-421A-97D8-0B0BCBCCEE3F}.Debug|ARM.ActiveCfg = Debug|Any CPU
		{F45B77FE-8DA6-421A-97D8-0B0BCBCCEE3F}.Debug|x64.ActiveCfg = Debug|Any CPU
		{F45B77FE-8DA6-421A-97D8-0B0BCBCCEE3F}.Debug|x86.ActiveCfg = Debug|Any CPU
		{F45B77FE-8DA6-421A-97D8-0B0BCBCCEE3F}.Release|Any CPU.ActiveCfg = Release|Any CPU
		{F45B77FE-8DA6-421A-97D8-0B0BCBCCEE3F}.Release|Any CPU.Build.0 = Release|Any CPU
		{F45B77FE-8DA6-421A-97D8-0B0BCBCCEE3F}.Release|ARM.ActiveCfg = Release|Any CPU
		{F45B77FE-8DA6-421A-97D8-0B0BCBCCEE3F}.Release|x64.ActiveCfg = Release|Any CPU
		{F45B77FE-8DA6-421A-97D8-0B0BCBCCEE3F}.Release|x86.ActiveCfg = Release|Any CPU
	EndGlobalSection
	GlobalSection(SolutionProperties) = preSolution
		HideSolutionNode = FALSE
	EndGlobalSection
	GlobalSection(NestedProjects) = preSolution
		{88AE18E1-2068-4013-8418-B5D3657AD473} = {EF35D202-A80F-4DA0-9301-010B12D827C2}
		{B8A2AC92-9E05-4E3C-9876-93765525A568} = {EF35D202-A80F-4DA0-9301-010B12D827C2}
		{8CD4FF28-5BD4-4784-86ED-070BB8AEEF88} = {EF35D202-A80F-4DA0-9301-010B12D827C2}
	EndGlobalSection
EndGlobal
